
Microsoft Visual Studio Solution File, Format Version 12.00
# Visual Studio 15
Project("{FAE04EC0-301F-11D3-BF4B-00C04F79EFBC}") = "拯救海龜的鼻子.Plugins", "拯救海龜的鼻子.Plugins.csproj", "{F1083951-2F71-D834-C02D-0DDCA9A53F3E}"
EndProject
Project("{FAE04EC0-301F-11D3-BF4B-00C04F79EFBC}") = "拯救海龜的鼻子.Editor.Plugins", "拯救海龜的鼻子.Editor.Plugins.csproj", "{277B9D0A-BD6F-D88C-D471-90E78E7DDB33}"
EndProject
Global
	GlobalSection(SolutionConfigurationPlatforms) = preSolution
		Debug|Any CPU = Debug|Any CPU
		Release|Any CPU = Release|Any CPU
	EndGlobalSection
	GlobalSection(ProjectConfigurationPlatforms) = postSolution
		{F1083951-2F71-D834-C02D-0DDCA9A53F3E}.Debug|Any CPU.ActiveCfg = Debug|Any CPU
		{F1083951-2F71-D834-C02D-0DDCA9A53F3E}.Debug|Any CPU.Build.0 = Debug|Any CPU
		{F1083951-2F71-D834-C02D-0DDCA9A53F3E}.Release|Any CPU.ActiveCfg = Release|Any CPU
		{F1083951-2F71-D834-C02D-0DDCA9A53F3E}.Release|Any CPU.Build.0 = Release|Any CPU
		{277B9D0A-BD6F-D88C-D471-90E78E7DDB33}.Debug|Any CPU.ActiveCfg = Debug|Any CPU
		{277B9D0A-BD6F-D88C-D471-90E78E7DDB33}.Debug|Any CPU.Build.0 = Debug|Any CPU
		{277B9D0A-BD6F-D88C-D471-90E78E7DDB33}.Release|Any CPU.ActiveCfg = Release|Any CPU
		{277B9D0A-BD6F-D88C-D471-90E78E7DDB33}.Release|Any CPU.Build.0 = Release|Any CPU
	EndGlobalSection
	GlobalSection(SolutionProperties) = preSolution
		HideSolutionNode = FALSE
	EndGlobalSection
EndGlobal
